// !$*UTF8*$!
{
	archiveVersion = 1;
	classes = {
	};
	objectVersion = 54;
	objects = {

/* Begin PBXBuildFile section */
		C76AB52C236F3ADA00773EBD /* AppDelegate.swift in Sources */ = {isa = PBXBuildFile; fileRef = C76AB52B236F3ADA00773EBD /* AppDelegate.swift */; };
		C76AB52E236F3ADA00773EBD /* SceneDelegate.swift in Sources */ = {isa = PBXBuildFile; fileRef = C76AB52D236F3ADA00773EBD /* SceneDelegate.swift */; };
		C76AB530236F3ADA00773EBD /* ContentView.swift in Sources */ = {isa = PBXBuildFile; fileRef = C76AB52F236F3ADA00773EBD /* ContentView.swift */; };
		C76AB532236F3ADB00773EBD /* Assets.xcassets in Resources */ = {isa = PBXBuildFile; fileRef = C76AB531236F3ADB00773EBD /* Assets.xcassets */; };
		C76AB535236F3ADB00773EBD /* Preview Assets.xcassets in Resources */ = {isa = PBXBuildFile; fileRef = C76AB534236F3ADB00773EBD /* Preview Assets.xcassets */; };
		C76AB538236F3ADB00773EBD /* LaunchScreen.storyboard in Resources */ = {isa = PBXBuildFile; fileRef = C76AB536236F3ADB00773EBD /* LaunchScreen.storyboard */; };
		C76AB541236F3B9500773EBD /* MainController.swift in Sources */ = {isa = PBXBuildFile; fileRef = C76AB540236F3B9500773EBD /* MainController.swift */; };
		C76AB544236F3D2C00773EBD /* LBTATools in Frameworks */ = {isa = PBXBuildFile; productRef = C76AB543236F3D2C00773EBD /* LBTATools */; };
/* End PBXBuildFile section */

/* Begin PBXFileReference section */
		C76AB528236F3ADA00773EBD /* MapsDirectionsGooglePlaces_LBTA.app */ = {isa = PBXFileReference; explicitFileType = wrapper.application; includeInIndex = 0; path = MapsDirectionsGooglePlaces_LBTA.app; sourceTree = BUILT_PRODUCTS_DIR; };
		C76AB52B236F3ADA00773EBD /* AppDelegate.swift */ = {isa = PBXFileReference; lastKnownFileType = sourcecode.swift; path = AppDelegate.swift; sourceTree = "<group>"; };
		C76AB52D236F3ADA00773EBD /* SceneDelegate.swift */ = {isa = PBXFileReference; lastKnownFileType = sourcecode.swift; path = SceneDelegate.swift; sourceTree = "<group>"; };
		C76AB52F236F3ADA00773EBD /* ContentView.swift */ = {isa = PBXFileReference; lastKnownFileType = sourcecode.swift; path = ContentView.swift; sourceTree = "<group>"; };
		C76AB531236F3ADB00773EBD /* Assets.xcassets */ = {isa = PBXFileReference; lastKnownFileType = folder.assetcatalog; path = Assets.xcassets; sourceTree = "<group>"; };
		C76AB534236F3ADB00773EBD /* Preview Assets.xcassets */ = {isa = PBXFileReference; lastKnownFileType = folder.assetcatalog; path = "Preview Assets.xcassets"; sourceTree = "<group>"; };
		C76AB537236F3ADB00773EBD /* Base */ = {isa = PBXFileReference; lastKnownFileType = file.storyboard; name = Base; path = Base.lproj/LaunchScreen.storyboard; sourceTree = "<group>"; };
		C76AB539236F3ADB00773EBD /* Info.plist */ = {isa = PBXFileReference; lastKnownFileType = text.plist.xml; path = Info.plist; sourceTree = "<group>"; };
		C76AB540236F3B9500773EBD /* MainController.swift */ = {isa = PBXFileReference; lastKnownFileType = sourcecode.swift; path = MainController.swift; sourceTree = "<group>"; };
/* End PBXFileReference section */

/* Begin PBXFrameworksBuildPhase section */
		C76AB525236F3ADA00773EBD /* Frameworks */ = {
			isa = PBXFrameworksBuildPhase;
			buildActionMask = 2147483647;
			files = (
				C76AB544236F3D2C00773EBD /* LBTATools in Frameworks */,
			);
			runOnlyForDeploymentPostprocessing = 0;
		};
/* End PBXFrameworksBuildPhase section */

/* Begin PBXGroup section */
		C76AB51F236F3ADA00773EBD = {
			isa = PBXGroup;
			children = (
				C76AB52A236F3ADA00773EBD /* MapsDirections */,
				C76AB529236F3ADA00773EBD /* Products */,
			);
			sourceTree = "<group>";
		};
		C76AB529236F3ADA00773EBD /* Products */ = {
			isa = PBXGroup;
			children = (
				C76AB528236F3ADA00773EBD /* MapsDirectionsGooglePlaces_LBTA.app */,
			);
			name = Products;
			sourceTree = "<group>";
		};
		C76AB52A236F3ADA00773EBD /* MapsDirections */ = {
			isa = PBXGroup;
			children = (
				C76AB53F236F3B8A00773EBD /* Main */,
				C76AB52B236F3ADA00773EBD /* AppDelegate.swift */,
				C76AB52D236F3ADA00773EBD /* SceneDelegate.swift */,
				C76AB52F236F3ADA00773EBD /* ContentView.swift */,
				C76AB531236F3ADB00773EBD /* Assets.xcassets */,
				C76AB536236F3ADB00773EBD /* LaunchScreen.storyboard */,
				C76AB539236F3ADB00773EBD /* Info.plist */,
				C76AB533236F3ADB00773EBD /* Preview Content */,
			);
			path = MapsDirections;
			sourceTree = "<group>";
		};
		C76AB533236F3ADB00773EBD /* Preview Content */ = {
			isa = PBXGroup;
			children = (
				C76AB534236F3ADB00773EBD /* Preview Assets.xcassets */,
			);
			path = "Preview Content";
			sourceTree = "<group>";
		};
		C76AB53F236F3B8A00773EBD /* Main */ = {
			isa = PBXGroup;
			children = (
				C76AB540236F3B9500773EBD /* MainController.swift */,
			);
			path = Main;
			sourceTree = "<group>";
		};
/* End PBXGroup section */

/* Begin PBXNativeTarget section */
		C76AB527236F3ADA00773EBD /* MapsDirectionsGooglePlaces_LBTA */ = {
			isa = PBXNativeTarget;
			buildConfigurationList = C76AB53C236F3ADB00773EBD /* Build configuration list for PBXNativeTarget "MapsDirectionsGooglePlaces_LBTA" */;
			buildPhases = (
				C76AB524236F3ADA00773EBD /* Sources */,
				C76AB525236F3ADA00773EBD /* Frameworks */,
				C76AB526236F3ADA00773EBD /* Resources */,
			);
			buildRules = (
			);
			dependencies = (
			);
			name = MapsDirectionsGooglePlaces_LBTA;
			packageProductDependencies = (
				C76AB543236F3D2C00773EBD /* LBTATools */,
			);
			productName = MapsDirectionsGooglePlaces_LBTA;
			productReference = C76AB528236F3ADA00773EBD /* MapsDirectionsGooglePlaces_LBTA.app */;
			productType = "com.apple.product-type.application";
		};
/* End PBXNativeTarget section */

/* Begin PBXProject section */
		C76AB520236F3ADA00773EBD /* Project object */ = {
			isa = PBXProject;
			attributes = {
				BuildIndependentTargetsInParallel = YES;
				LastSwiftUpdateCheck = 1120;
				LastUpgradeCheck = 1600;
				ORGANIZATIONNAME = "Brian Voong";
				TargetAttributes = {
					C76AB527236F3ADA00773EBD = {
						CreatedOnToolsVersion = 11.2;
					};
				};
			};
			buildConfigurationList = C76AB523236F3ADA00773EBD /* Build configuration list for PBXProject "MapsDirections" */;
			compatibilityVersion = "Xcode 9.3";
			developmentRegion = en;
			hasScannedForEncodings = 0;
			knownRegions = (
				en,
				Base,
			);
			mainGroup = C76AB51F236F3ADA00773EBD;
			packageReferences = (
				C76AB542236F3D2C00773EBD /* XCRemoteSwiftPackageReference "LBTATools" */,
			);
			productRefGroup = C76AB529236F3ADA00773EBD /* Products */;
			projectDirPath = "";
			projectRoot = "";
			targets = (
				C76AB527236F3ADA00773EBD /* MapsDirectionsGooglePlaces_LBTA */,
			);
		};
/* End PBXProject section */

/* Begin PBXResourcesBuildPhase section */
		C76AB526236F3ADA00773EBD /* Resources */ = {
			isa = PBXResourcesBuildPhase;
			buildActionMask = 2147483647;
			files = (
				C76AB538236F3ADB00773EBD /* LaunchScreen.storyboard in Resources */,
				C76AB535236F3ADB00773EBD /* Preview Assets.xcassets in Resources */,
				C76AB532236F3ADB00773EBD /* Assets.xcassets in Resources */,
			);
			runOnlyForDeploymentPostprocessing = 0;
		};
/* End PBXResourcesBuildPhase section */

/* Begin PBXSourcesBuildPhase section */
		C76AB524236F3ADA00773EBD /* Sources */ = {
			isa = PBXSourcesBuildPhase;
			buildActionMask = 2147483647;
			files = (
				C76AB541236F3B9500773EBD /* MainController.swift in Sources */,
				C76AB52C236F3ADA00773EBD /* AppDelegate.swift in Sources */,
				C76AB52E236F3ADA00773EBD /* SceneDelegate.swift in Sources */,
				C76AB530236F3ADA00773EBD /* ContentView.swift in Sources */,
			);
			runOnlyForDeploymentPostprocessing = 0;
		};
/* End PBXSourcesBuildPhase section */

/* Begin PBXVariantGroup section */
		C76AB536236F3ADB00773EBD /* LaunchScreen.storyboard */ = {
			isa = PBXVariantGroup;
			children = (
				C76AB537236F3ADB00773EBD /* Base */,
			);
			name = LaunchScreen.storyboard;
			sourceTree = "<group>";
		};
/* End PBXVariantGroup section */

/* Begin XCBuildConfiguration section */
		C76AB53A236F3ADB00773EBD /* Debug */ = {
			isa = XCBuildConfiguration;
			buildSettings = {
				ALWAYS_SEARCH_USER_PATHS = NO;
				CLANG_ANALYZER_NONNULL = YES;
				CLANG_ANALYZER_NUMBER_OBJECT_CONVERSION = YES_AGGRESSIVE;
				CLANG_CXX_LANGUAGE_STANDARD = "gnu++14";
				CLANG_CXX_LIBRARY = "libc++";
				CLANG_ENABLE_MODULES = YES;
				CLANG_ENABLE_OBJC_ARC = YES;
				CLANG_ENABLE_OBJC_WEAK = YES;
				CLANG_WARN_BLOCK_CAPTURE_AUTORELEASING = YES;
				CLANG_WARN_BOOL_CONVERSION = YES;
				CLANG_WARN_COMMA = YES;
				CLANG_WARN_CONSTANT_CONVERSION = YES;
				CLANG_WARN_DEPRECATED_OBJC_IMPLEMENTATIONS = YES;
				CLANG_WARN_DIRECT_OBJC_ISA_USAGE = YES_ERROR;
				CLANG_WARN_DOCUMENTATION_COMMENTS = YES;
				CLANG_WARN_EMPTY_BODY = YES;
				CLANG_WARN_ENUM_CONVERSION = YES;
				CLANG_WARN_INFINITE_RECURSION = YES;
				CLANG_WARN_INT_CONVERSION = YES;
				CLANG_WARN_NON_LITERAL_NULL_CONVERSION = YES;
				CLANG_WARN_OBJC_IMPLICIT_RETAIN_SELF = YES;
				CLANG_WARN_OBJC_LITERAL_CONVERSION = YES;
				CLANG_WARN_OBJC_ROOT_CLASS = YES_ERROR;
				CLANG_WARN_QUOTED_INCLUDE_IN_FRAMEWORK_HEADER = YES;
				CLANG_WARN_RANGE_LOOP_ANALYSIS = YES;
				CLANG_WARN_STRICT_PROTOTYPES = YES;
				CLANG_WARN_SUSPICIOUS_MOVE = YES;
				CLANG_WARN_UNGUARDED_AVAILABILITY = YES_AGGRESSIVE;
				CLANG_WARN_UNREACHABLE_CODE = YES;
				CLANG_WARN__DUPLICATE_METHOD_MATCH = YES;
				COPY_PHASE_STRIP = NO;
				DEBUG_INFORMATION_FORMAT = dwarf;
				ENABLE_STRICT_OBJC_MSGSEND = YES;
				ENABLE_TESTABILITY = YES;
				ENABLE_USER_SCRIPT_SANDBOXING = YES;
				GCC_C_LANGUAGE_STANDARD = gnu11;
				GCC_DYNAMIC_NO_PIC = NO;
				GCC_NO_COMMON_BLOCKS = YES;
				GCC_OPTIMIZATION_LEVEL = 0;
				GCC_PREPROCESSOR_DEFINITIONS = (
					"DEBUG=1",
					"$(inherited)",
				);
				GCC_WARN_64_TO_32_BIT_CONVERSION = YES;
				GCC_WARN_ABOUT_RETURN_TYPE = YES_ERROR;
				GCC_WARN_UNDECLARED_SELECTOR = YES;
				GCC_WARN_UNINITIALIZED_AUTOS = YES_AGGRESSIVE;
				GCC_WARN_UNUSED_FUNCTION = YES;
				GCC_WARN_UNUSED_VARIABLE = YES;
				IPHONEOS_DEPLOYMENT_TARGET = 13.2;
				MTL_ENABLE_DEBUG_INFO = INCLUDE_SOURCE;
				MTL_FAST_MATH = YES;
				ONLY_ACTIVE_ARCH = YES;
				SDKROOT = iphoneos;
				SWIFT_ACTIVE_COMPILATION_CONDITIONS = DEBUG;
				SWIFT_OPTIMIZATION_LEVEL = "-Onone";
			};
			name = Debug;
		};
		C76AB53B236F3ADB00773EBD /* Release */ = {
			isa = XCBuildConfiguration;
			buildSettings = {
				ALWAYS_SEARCH_USER_PATHS = NO;
				CLANG_ANALYZER_NONNULL = YES;
				CLANG_ANALYZER_NUMBER_OBJECT_CONVERSION = YES_AGGRESSIVE;
				CLANG_CXX_LANGUAGE_STANDARD = "gnu++14";
				CLANG_CXX_LIBRARY = "libc++";
				CLANG_ENABLE_MODULES = YES;
				CLANG_ENABLE_OBJC_ARC = YES;
				CLANG_ENABLE_OBJC_WEAK = YES;
				CLANG_WARN_BLOCK_CAPTURE_AUTORELEASING = YES;
				CLANG_WARN_BOOL_CONVERSION = YES;
				CLANG_WARN_COMMA = YES;
				CLANG_WARN_CONSTANT_CONVERSION = YES;
				CLANG_WARN_DEPRECATED_OBJC_IMPLEMENTATIONS = YES;
				CLANG_WARN_DIRECT_OBJC_ISA_USAGE = YES_ERROR;
				CLANG_WARN_DOCUMENTATION_COMMENTS = YES;
				CLANG_WARN_EMPTY_BODY = YES;
				CLANG_WARN_ENUM_CONVERSION = YES;
				CLANG_WARN_INFINITE_RECURSION = YES;
				CLANG_WARN_INT_CONVERSION = YES;
				CLANG_WARN_NON_LITERAL_NULL_CONVERSION = YES;
				CLANG_WARN_OBJC_IMPLICIT_RETAIN_SELF = YES;
				CLANG_WARN_OBJC_LITERAL_CONVERSION = YES;
				CLANG_WARN_OBJC_ROOT_CLASS = YES_ERROR;
				CLANG_WARN_QUOTED_INCLUDE_IN_FRAMEWORK_HEADER = YES;
				CLANG_WARN_RANGE_LOOP_ANALYSIS = YES;
				CLANG_WARN_STRICT_PROTOTYPES = YES;
				CLANG_WARN_SUSPICIOUS_MOVE = YES;
				CLANG_WARN_UNGUARDED_AVAILABILITY = YES_AGGRESSIVE;
				CLANG_WARN_UNREACHABLE_CODE = YES;
				CLANG_WARN__DUPLICATE_METHOD_MATCH = YES;
				COPY_PHASE_STRIP = NO;
				DEBUG_INFORMATION_FORMAT = "dwarf-with-dsym";
				ENABLE_NS_ASSERTIONS = NO;
				ENABLE_STRICT_OBJC_MSGSEND = YES;
				ENABLE_USER_SCRIPT_SANDBOXING = YES;
				GCC_C_LANGUAGE_STANDARD = gnu11;
				GCC_NO_COMMON_BLOCKS = YES;
				GCC_WARN_64_TO_32_BIT_CONVERSION = YES;
				GCC_WARN_ABOUT_RETURN_TYPE = YES_ERROR;
				GCC_WARN_UNDECLARED_SELECTOR = YES;
				GCC_WARN_UNINITIALIZED_AUTOS = YES_AGGRESSIVE;
				GCC_WARN_UNUSED_FUNCTION = YES;
				GCC_WARN_UNUSED_VARIABLE = YES;
				IPHONEOS_DEPLOYMENT_TARGET = 13.2;
				MTL_ENABLE_DEBUG_INFO = NO;
				MTL_FAST_MATH = YES;
				SDKROOT = iphoneos;
				SWIFT_COMPILATION_MODE = wholemodule;
				SWIFT_OPTIMIZATION_LEVEL = "-O";
				VALIDATE_PRODUCT = YES;
			};
			name = Release;
		};
		C76AB53D236F3ADB00773EBD /* Debug */ = {
			isa = XCBuildConfiguration;
			buildSettings = {
				ASSETCATALOG_COMPILER_APPICON_NAME = AppIcon;
				CODE_SIGN_STYLE = Automatic;
				DEVELOPMENT_ASSET_PATHS = "\"MapsDirections/Preview Content\"";
				DEVELOPMENT_TEAM = WYP88K3VD6;
				ENABLE_PREVIEWS = YES;
				INFOPLIST_FILE = MapsDirections/Info.plist;
				LD_RUNPATH_SEARCH_PATHS = (
					"$(inherited)",
					"@executable_path/Frameworks",
				);
				PRODUCT_BUNDLE_IDENTIFIER = com.letsbuildthatapp.MapsDirections;
				PRODUCT_NAME = "$(TARGET_NAME)";
				SWIFT_VERSION = 5.0;
				TARGETED_DEVICE_FAMILY = "1,2";
			};
			name = Debug;
		};
		C76AB53E236F3ADB00773EBD /* Release */ = {
			isa = XCBuildConfiguration;
			buildSettings = {
				ASSETCATALOG_COMPILER_APPICON_NAME = AppIcon;
				CODE_SIGN_STYLE = Automatic;
				DEVELOPMENT_ASSET_PATHS = "\"MapsDirections/Preview Content\"";
				DEVELOPMENT_TEAM = WYP88K3VD6;
				ENABLE_PREVIEWS = YES;
				INFOPLIST_FILE = MapsDirections/Info.plist;
				LD_RUNPATH_SEARCH_PATHS = (
					"$(inherited)",
					"@executable_path/Frameworks",
				);
				PRODUCT_BUNDLE_IDENTIFIER = com.letsbuildthatapp.MapsDirections;
				PRODUCT_NAME = "$(TARGET_NAME)";
				SWIFT_VERSION = 5.0;
				TARGETED_DEVICE_FAMILY = "1,2";
			};
			name = Release;
		};
/* End XCBuildConfiguration section */

/* Begin XCConfigurationList section */
		C76AB523236F3ADA00773EBD /* Build configuration list for PBXProject "MapsDirections" */ = {
			isa = XCConfigurationList;
			buildConfigurations = (
				C76AB53A236F3ADB00773EBD /* Debug */,
				C76AB53B236F3ADB00773EBD /* Release */,
			);
			defaultConfigurationIsVisible = 0;
			defaultConfigurationName = Release;
		};
		C76AB53C236F3ADB00773EBD /* Build configuration list for PBXNativeTarget "MapsDirectionsGooglePlaces_LBTA" */ = {
			isa = XCConfigurationList;
			buildConfigurations = (
				C76AB53D236F3ADB00773EBD /* Debug */,
				C76AB53E236F3ADB00773EBD /* Release */,
			);
			defaultConfigurationIsVisible = 0;
			defaultConfigurationName = Release;
		};
/* End XCConfigurationList section */

/* Begin XCRemoteSwiftPackageReference section */
		C76AB542236F3D2C00773EBD /* XCRemoteSwiftPackageReference "LBTATools" */ = {
			isa = XCRemoteSwiftPackageReference;
			repositoryURL = "https://github.com/bhlvoong/LBTATools.git";
			requirement = {
				kind = upToNextMajorVersion;
				minimumVersion = 1.0.12;
			};
		};
/* End XCRemoteSwiftPackageReference section */

/* Begin XCSwiftPackageProductDependency section */
		C76AB543236F3D2C00773EBD /* LBTATools */ = {
			isa = XCSwiftPackageProductDependency;
			package = C76AB542236F3D2C00773EBD /* XCRemoteSwiftPackageReference "LBTATools" */;
			productName = LBTATools;
		};
/* End XCSwiftPackageProductDependency section */
	};
	rootObject = C76AB520236F3ADA00773EBD /* Project object */;
}
